
Microsoft Visual Studio Solution File, Format Version 12.00
# Visual Studio Version 17
VisualStudioVersion = 17.8.34330.188
MinimumVisualStudioVersion = 10.0.40219.1
Project("{FAE04EC0-301F-11D3-BF4B-00C04F79EFBC}") = "simple-Web", "simple-Web\simple-Web.csproj", "{ADC0D85B-42D1-4B3D-A3E4-A12598F3817E}"
EndProject
Global
	GlobalSection(SolutionConfigurationPlatforms) = preSolution
		Debug|Any CPU = Debug|Any CPU
		Release|Any CPU = Release|Any CPU
	EndGlobalSection
	GlobalSection(ProjectConfigurationPlatforms) = postSolution
		{ADC0D85B-42D1-4B3D-A3E4-A12598F3817E}.Debug|Any CPU.ActiveCfg = Debug|Any CPU
		{ADC0D85B-42D1-4B3D-A3E4-A12598F3817E}.Debug|Any CPU.Build.0 = Debug|Any CPU
		{ADC0D85B-42D1-4B3D-A3E4-A12598F3817E}.Release|Any CPU.ActiveCfg = Release|Any CPU
		{ADC0D85B-42D1-4B3D-A3E4-A12598F3817E}.Release|Any CPU.Build.0 = Release|Any CPU
	EndGlobalSection
	GlobalSection(SolutionProperties) = preSolution
		HideSolutionNode = FALSE
	EndGlobalSection
	GlobalSection(ExtensibilityGlobals) = postSolution
		SolutionGuid = {0FC73004-CB82-4DE1-8E86-B5800D8AF2A5}
	EndGlobalSection
EndGlobal
